
Microsoft Visual Studio Solution File, Format Version 12.00
# RemObjects Fire
Project("{656346D9-4656-40DA-A068-22D5425D4639}") = "org.me.helloswiftworld", "org.me.helloSwiftWorld.elements", "{BAB64215-B597-4896-93CE-CCB9742CDBFF}"
EndProject
Global
	GlobalSection(SolutionConfigurationPlatforms) = preSolution
		Debug|AnyCPU = Debug|AnyCPU
		Release|AnyCPU = Release|AnyCPU
	EndGlobalSection
	GlobalSection(ProjectConfigurationPlatforms) = postSolution
		{BAB64215-B597-4896-93CE-CCB9742CDBFF}.Debug|AnyCPU.ActiveCfg = Debug|AnyCPU
		{BAB64215-B597-4896-93CE-CCB9742CDBFF}.Debug|AnyCPU.Build.0 = Debug|AnyCPU
		{BAB64215-B597-4896-93CE-CCB9742CDBFF}.Release|AnyCPU.ActiveCfg = Release|AnyCPU
		{BAB64215-B597-4896-93CE-CCB9742CDBFF}.Release|AnyCPU.Build.0 = Release|AnyCPU
	EndGlobalSection
	GlobalSection(SolutionProperties) = preSolution
		HideSolutionNode = FALSE
	EndGlobalSection
EndGlobal